# This file is generated by running "yarn install" inside your project.
# Manual changes might be lost - proceed with caution!

__metadata:
  version: 3

"package-1@workspace:packages/package-1":
  version: 0.0.0-use.local
  resolution: "package-1@workspace:packages/package-1"
  dependencies:
    package-2: "workspace:*"
    package-3: "workspace:0.1.1"
  languageName: unknown
  linkType: soft

"package-2@workspace:*, package-2@workspace:packages/package-2":
  version: 0.0.0-use.local
  resolution: "package-2@workspace:packages/package-2"
  languageName: unknown
  linkType: soft

"package-3@workspace:0.1.1, package-3@workspace:packages/package-3":
  version: 0.0.0-use.local
  resolution: "package-3@workspace:packages/package-3"
  languageName: unknown
  linkType: soft

"yarn-v2-workspace@workspace:.":
  version: 0.0.0-use.local
  resolution: "yarn-v2-workspace@workspace:."
  languageName: unknown
  linkType: soft
